
Microsoft Visual Studio Solution File, Format Version 12.00
# Visual Studio Version 17
VisualStudioVersion = 17.13.35825.156 d17.13
MinimumVisualStudioVersion = 10.0.40219.1
Project("{888888A0-9F3D-457C-B088-3A5042F75D52}") = "Simulacion de microondas", "Simulacion de microondas.pyproj", "{0A795798-AA00-4529-8D10-1E56C4A6DB8E}"
EndProject
Global
	GlobalSection(SolutionConfigurationPlatforms) = preSolution
		Debug|Any CPU = Debug|Any CPU
		Release|Any CPU = Release|Any CPU
	EndGlobalSection
	GlobalSection(ProjectConfigurationPlatforms) = postSolution
		{0A795798-AA00-4529-8D10-1E56C4A6DB8E}.Debug|Any CPU.ActiveCfg = Debug|Any CPU
		{0A795798-AA00-4529-8D10-1E56C4A6DB8E}.Release|Any CPU.ActiveCfg = Release|Any CPU
	EndGlobalSection
	GlobalSection(SolutionProperties) = preSolution
		HideSolutionNode = FALSE
	EndGlobalSection
	GlobalSection(ExtensibilityGlobals) = postSolution
		SolutionGuid = {246181C2-8342-4901-A38B-7F6B8967B375}
	EndGlobalSection
EndGlobal
